<?xml version="1.0" encoding="utf-8"?>
<Project ToolsVersion="4.0" xmlns="http://schemas.microsoft.com/developer/msbuild/2003">
  <ItemGroup>
    <Filter Include="Source Files">
      <UniqueIdentifier>{4FC737F1-C7A5-4376-A066-2A32D752A2FF}</UniqueIdentifier>
      <Extensions>cpp;c;cc;cxx;c++;cppm;ixx;def;odl;idl;hpj;bat;asm;asmx</Extensions>
    </Filter>
    <Filter Include="Header Files">
      <UniqueIdentifier>{93995380-89BD-4b04-88EB-625FBE52EBFB}</UniqueIdentifier>
      <Extensions>h;hh;hpp;hxx;h++;hm;inl;inc;ipp;xsd</Extensions>
    </Filter>
    <Filter Include="Resource Files">
      <UniqueIdentifier>{67DA6AB6-F800-4c08-8B7A-83BB121AAD01}</UniqueIdentifier>
      <Extensions>rc;ico;cur;bmp;dlg;rc2;rct;bin;rgs;gif;jpg;jpeg;jpe;resx;tiff;tif;png;wav;mfcribbon-ms</Extensions>
    </Filter>
  </ItemGroup>
  <ItemGroup>
    <ResourceCompile Include="app.rc">
      <Filter>Resource Files</Filter>
    </ResourceCompile>
  </ItemGroup>
  <ItemGroup>
    <ClInclude Include="pch.h">
      <Filter>Header Files</Filter>
    </ClInclude>
    <ClInclude Include="Form1.h">
      <Filter>Header Files</Filter>
    </ClInclude>
    <ClInclude Include="AdminForm.h">
      <Filter>Header Files</Filter>
    </ClInclude>
    <ClInclude Include="ProfeForm.h">
      <Filter>Header Files</Filter>
    </ClInclude>
    <ClInclude Include="UsuarioForm.h">
      <Filter>Header Files</Filter>
    </ClInclude>
    <ClInclude Include="CuotaForm.h">
      <Filter>Header Files</Filter>
    </ClInclude>
    <ClInclude Include="MenuForm.h">
      <Filter>Header Files</Filter>
    </ClInclude>
    <ClInclude Include="EquiposForm.h">
      <Filter>Header Files</Filter>
    </ClInclude>
    <ClInclude Include="EjerciciosForm.h">
      <Filter>Header Files</Filter>
    </ClInclude>
    <ClInclude Include="RutinasForm.h">
      <Filter>Header Files</Filter>
    </ClInclude>
    <ClInclude Include="ProgresoForm.h">
      <Filter>Header Files</Filter>
    </ClInclude>
    <ClInclude Include="GaleriaForm.h">
      <Filter>Header Files</Filter>
    </ClInclude>
    <ClInclude Include="PyCForm.h">
      <Filter>Header Files</Filter>
    </ClInclude>
    <ClInclude Include="VentasForm.h">
      <Filter>Header Files</Filter>
    </ClInclude>
    <ClInclude Include="HistorialVentasForm.h">
      <Filter>Header Files</Filter>
    </ClInclude>
  </ItemGroup>
  <ItemGroup>
    <ClCompile Include="CppCLR_WinFormsProject.cpp">
      <Filter>Source Files</Filter>
    </ClCompile>
    <ClCompile Include="AssemblyInfo.cpp">
      <Filter>Source Files</Filter>
    </ClCompile>
    <ClCompile Include="pch.cpp">
      <Filter>Source Files</Filter>
    </ClCompile>
    <ClCompile Include="Form1.cpp">
      <Filter>Source Files</Filter>
    </ClCompile>
    <ClCompile Include="AdminForm.cpp">
      <Filter>Source Files</Filter>
    </ClCompile>
    <ClCompile Include="ProfeForm.cpp">
      <Filter>Source Files</Filter>
    </ClCompile>
    <ClCompile Include="UsuarioForm.cpp">
      <Filter>Source Files</Filter>
    </ClCompile>
    <ClCompile Include="CuotaForm.cpp">
      <Filter>Source Files</Filter>
    </ClCompile>
    <ClCompile Include="MenuForm.cpp">
      <Filter>Source Files</Filter>
    </ClCompile>
    <ClCompile Include="EquiposForm.cpp">
      <Filter>Source Files</Filter>
    </ClCompile>
    <ClCompile Include="EjerciciosForm.cpp">
      <Filter>Source Files</Filter>
    </ClCompile>
    <ClCompile Include="RutinasForm.cpp">
      <Filter>Source Files</Filter>
    </ClCompile>
    <ClCompile Include="ProgresoForm.cpp">
      <Filter>Source Files</Filter>
    </ClCompile>
    <ClCompile Include="GaleriaForm.cpp">
      <Filter>Source Files</Filter>
    </ClCompile>
    <ClCompile Include="PyCForm.cpp">
      <Filter>Source Files</Filter>
    </ClCompile>
    <ClCompile Include="VentasForm.cpp">
      <Filter>Source Files</Filter>
    </ClCompile>
    <ClCompile Include="HistorialVentasForm.cpp">
      <Filter>Source Files</Filter>
    </ClCompile>
  </ItemGroup>
  <ItemGroup>
    <Image Include="app.ico">
      <Filter>Resource Files</Filter>
    </Image>
    <Image Include="Media\escudo.jpg">
      <Filter>Resource Files</Filter>
    </Image>
    <Image Include="Media\gym_2.jpg">
      <Filter>Resource Files</Filter>
    </Image>
  </ItemGroup>
  <ItemGroup>
    <None Include="packages.config" />
  </ItemGroup>
</Project>